
Microsoft Visual Studio Solution File, Format Version 12.00
Project("{FAE04EC0-301F-11D3-BF4B-00C04F79EFBC}") = "Test.Api", "src\Test.Api\Test.Api.csproj", "{F668D675-D5DF-4847-9008-0B0FA4B69329}"
EndProject
Global
	GlobalSection(SolutionConfigurationPlatforms) = preSolution
		Debug|Any CPU = Debug|Any CPU
		Release|Any CPU = Release|Any CPU
	EndGlobalSection
	GlobalSection(ProjectConfigurationPlatforms) = postSolution
		{F668D675-D5DF-4847-9008-0B0FA4B69329}.Debug|Any CPU.ActiveCfg = Debug|Any CPU
		{F668D675-D5DF-4847-9008-0B0FA4B69329}.Debug|Any CPU.Build.0 = Debug|Any CPU
		{F668D675-D5DF-4847-9008-0B0FA4B69329}.Release|Any CPU.ActiveCfg = Release|Any CPU
		{F668D675-D5DF-4847-9008-0B0FA4B69329}.Release|Any CPU.Build.0 = Release|Any CPU
	EndGlobalSection
EndGlobal
